{
  "projects": [
    {
      "projectId": "caTPwKxj5ZrD9LQ7DMdK4Z",
      "version": "3.11.0",
      "dependencies": {},
      "lang": "js",
      "fileLocks": [
        {
          "assetId": "caTPwKxj5ZrD9LQ7DMdK4Z",
          "type": "projectCss",
          "checksum": "3f861d9934733b06ddcc0158487615ce"
        }
      ],
      "codegenVersion": "0.0.1"
    },
    {
      "projectId": "8PtdGodUbexNYgkuyBUcWu",
      "version": "3.8.0",
      "dependencies": {},
      "lang": "js",
      "fileLocks": [
        {
          "assetId": "8PtdGodUbexNYgkuyBUcWu",
          "type": "projectCss",
          "checksum": "fab59f1d7821423eb6ea1dc62a110aa6"
        },
        {
          "assetId": "8PtdGodUbexNYgkuyBUcWu",
          "checksum": "6b66d7f8e20084eb8385762e16535ba1",
          "type": "globalContexts"
        }
      ],
      "codegenVersion": "0.0.1"
    },
    {
      "projectId": "28Ba3BDvRe7EiWdfFNnLB6",
      "version": "2.12.2",
      "dependencies": {},
      "lang": "js",
      "fileLocks": [
        {
          "assetId": "28Ba3BDvRe7EiWdfFNnLB6",
          "type": "projectCss",
          "checksum": "740650b05472db4e42801b334405144a"
        }
      ],
      "codegenVersion": "0.0.1"
    },
    {
      "projectId": "gVLjp5jEanpB9JmP1wfhu5",
      "version": "latest",
      "dependencies": {
        "28Ba3BDvRe7EiWdfFNnLB6": "2.12.2",
        "8PtdGodUbexNYgkuyBUcWu": "3.8.0",
        "caTPwKxj5ZrD9LQ7DMdK4Z": "3.11.0"
      },
      "lang": "js",
      "fileLocks": [
        {
          "type": "globalVariant",
          "assetId": "JC9LY7hCOQCLV",
          "checksum": "09b045479c5347c5fb532c11eccc4bdf"
        },
        {
          "assetId": "gVLjp5jEanpB9JmP1wfhu5",
          "type": "projectCss",
          "checksum": "a1d289a99a0fbc01c04327dc3bc46681"
        },
        {
          "assetId": "gVLjp5jEanpB9JmP1wfhu5",
          "checksum": "81bf8989446d58bffb1cb86930d4a03c",
          "type": "globalContexts"
        },
        {
          "type": "renderModule",
          "assetId": "NsgmzO0LTwr1",
          "checksum": "8b482e5bd60edb257d468b6bb333563e"
        },
        {
          "type": "cssRules",
          "assetId": "NsgmzO0LTwr1",
          "checksum": "8b482e5bd60edb257d468b6bb333563e"
        },
        {
          "type": "renderModule",
          "assetId": "KEqtb6YfMi",
          "checksum": "2ba70632518d54afcd9ef453c58df965"
        },
        {
          "type": "cssRules",
          "assetId": "KEqtb6YfMi",
          "checksum": "2ba70632518d54afcd9ef453c58df965"
        },
        {
          "type": "renderModule",
          "assetId": "VEoZuKV-qCO",
          "checksum": "fc6db80e083ab76282bfd062f0d0b749"
        },
        {
          "type": "cssRules",
          "assetId": "VEoZuKV-qCO",
          "checksum": "fc6db80e083ab76282bfd062f0d0b749"
        },
        {
          "type": "renderModule",
          "assetId": "II68hkYzZ61",
          "checksum": "ed634b42e45f9d85e61a46eff27569b0"
        },
        {
          "type": "cssRules",
          "assetId": "II68hkYzZ61",
          "checksum": "ed634b42e45f9d85e61a46eff27569b0"
        },
        {
          "type": "renderModule",
          "assetId": "I-YmR_8FdnC",
          "checksum": "10626cf9ba5256d5ef400ac8cde53b41"
        },
        {
          "type": "cssRules",
          "assetId": "I-YmR_8FdnC",
          "checksum": "10626cf9ba5256d5ef400ac8cde53b41"
        },
        {
          "type": "renderModule",
          "assetId": "bpAVT12l6AT",
          "checksum": "3bb12837fd61e6a54726f7ff40a0f560"
        },
        {
          "type": "cssRules",
          "assetId": "bpAVT12l6AT",
          "checksum": "3bb12837fd61e6a54726f7ff40a0f560"
        },
        {
          "type": "renderModule",
          "assetId": "zEYCwWZ-pv4",
          "checksum": "1d066418e1502171a4cf60f3ea6fd2f2"
        },
        {
          "type": "cssRules",
          "assetId": "zEYCwWZ-pv4",
          "checksum": "1d066418e1502171a4cf60f3ea6fd2f2"
        },
        {
          "type": "renderModule",
          "assetId": "wPKn7yeZD86",
          "checksum": "b9cb8b8f977e2028e5d21f0a405c44d9"
        },
        {
          "type": "cssRules",
          "assetId": "wPKn7yeZD86",
          "checksum": "b9cb8b8f977e2028e5d21f0a405c44d9"
        },
        {
          "type": "renderModule",
          "assetId": "_wX2WPNtDD",
          "checksum": "56d4cf28b81fd68ff2ed0c681866095a"
        },
        {
          "type": "cssRules",
          "assetId": "_wX2WPNtDD",
          "checksum": "56d4cf28b81fd68ff2ed0c681866095a"
        },
        {
          "type": "renderModule",
          "assetId": "OiEpCGxwidZ",
          "checksum": "a947ffb169afd4bd62511b89ac6923d0"
        },
        {
          "type": "cssRules",
          "assetId": "OiEpCGxwidZ",
          "checksum": "a947ffb169afd4bd62511b89ac6923d0"
        },
        {
          "type": "renderModule",
          "assetId": "8hZ_Y94beo",
          "checksum": "bae871d72d15001bcbb4fd4f0d3d75d0"
        },
        {
          "type": "cssRules",
          "assetId": "8hZ_Y94beo",
          "checksum": "bae871d72d15001bcbb4fd4f0d3d75d0"
        },
        {
          "type": "renderModule",
          "assetId": "_KYDKTjdvI",
          "checksum": "685d1166718bc57cfcd636ad8f885379"
        },
        {
          "type": "cssRules",
          "assetId": "_KYDKTjdvI",
          "checksum": "685d1166718bc57cfcd636ad8f885379"
        },
        {
          "type": "renderModule",
          "assetId": "t50HH_W00Q",
          "checksum": "e811668ad530dbf56ad66998ebb08a78"
        },
        {
          "type": "cssRules",
          "assetId": "t50HH_W00Q",
          "checksum": "e811668ad530dbf56ad66998ebb08a78"
        },
        {
          "type": "renderModule",
          "assetId": "UMqlp2mbKI",
          "checksum": "0cf7eca234a350c3f10e185f60d97d61"
        },
        {
          "type": "cssRules",
          "assetId": "UMqlp2mbKI",
          "checksum": "0cf7eca234a350c3f10e185f60d97d61"
        },
        {
          "type": "renderModule",
          "assetId": "-1iTkAPyym",
          "checksum": "544f39dd62e6eb216ef3a95eb0f9942c"
        },
        {
          "type": "cssRules",
          "assetId": "-1iTkAPyym",
          "checksum": "544f39dd62e6eb216ef3a95eb0f9942c"
        },
        {
          "type": "renderModule",
          "assetId": "xKf7GNmvC6",
          "checksum": "1d32e38ec3b2a0ed2a8561b9ccb17761"
        },
        {
          "type": "cssRules",
          "assetId": "xKf7GNmvC6",
          "checksum": "1d32e38ec3b2a0ed2a8561b9ccb17761"
        },
        {
          "type": "renderModule",
          "assetId": "acQs1zUUSO5",
          "checksum": "7434c8de26e318d75bbde7daf43a2928"
        },
        {
          "type": "cssRules",
          "assetId": "acQs1zUUSO5",
          "checksum": "7434c8de26e318d75bbde7daf43a2928"
        },
        {
          "type": "renderModule",
          "assetId": "jzUfIEfVTpU",
          "checksum": "f8954cc5731e864273c22e04c95cb3fd"
        },
        {
          "type": "cssRules",
          "assetId": "jzUfIEfVTpU",
          "checksum": "f8954cc5731e864273c22e04c95cb3fd"
        },
        {
          "type": "renderModule",
          "assetId": "erDyGRWQ4s",
          "checksum": "e815910c97009755f3560f68975c71ef"
        },
        {
          "type": "cssRules",
          "assetId": "erDyGRWQ4s",
          "checksum": "e815910c97009755f3560f68975c71ef"
        },
        {
          "type": "renderModule",
          "assetId": "vedSlFGWec7",
          "checksum": "e3904b9539e764d535ff9a735fdc4780"
        },
        {
          "type": "cssRules",
          "assetId": "vedSlFGWec7",
          "checksum": "e3904b9539e764d535ff9a735fdc4780"
        },
        {
          "type": "renderModule",
          "assetId": "5UJc9QYjU5",
          "checksum": "2405c964fdc5aa2bd212ec824967a3d1"
        },
        {
          "type": "cssRules",
          "assetId": "5UJc9QYjU5",
          "checksum": "2405c964fdc5aa2bd212ec824967a3d1"
        },
        {
          "type": "icon",
          "assetId": "yb5pEuxDn",
          "checksum": "e243525ed63a2efc22a07ab3bd726b64"
        },
        {
          "type": "icon",
          "assetId": "kYLBy02GU3",
          "checksum": "55e9fda0ff2b29355e1fef1e03414c71"
        },
        {
          "type": "icon",
          "assetId": "X3Hb9awko",
          "checksum": "0e815c556e2bdae83a6306d2f93c1187"
        },
        {
          "type": "icon",
          "assetId": "aZ3Cuno_KTq",
          "checksum": "2c7fa01a13163fc33e0fbe728ca6fbfa"
        },
        {
          "type": "icon",
          "assetId": "rDkz_xdeJbB",
          "checksum": "85641ce2cf6be72f29d6a8aaceb6a05e"
        },
        {
          "type": "icon",
          "assetId": "2wDxeWxwZeV",
          "checksum": "09e5d9606aac2c14e685a688b7ed0ea4"
        },
        {
          "type": "icon",
          "assetId": "hazIDmPDlTU",
          "checksum": "19cdcb1143596bdf223f8210fff02bc7"
        },
        {
          "type": "icon",
          "assetId": "9PWw2RrCoUo",
          "checksum": "083ac59166038702572fadc372ae96a6"
        },
        {
          "type": "icon",
          "assetId": "ghfrvXPxoN",
          "checksum": "f75e32cfe47df5c360c66e3215a942a2"
        },
        {
          "type": "icon",
          "assetId": "hp4GC7HYRS",
          "checksum": "03016a40692d3436721016128b49643c"
        },
        {
          "type": "icon",
          "assetId": "7zeOQd0aRb",
          "checksum": "a91f11fcc0214338b7ab93b96db68790"
        },
        {
          "type": "icon",
          "assetId": "n9UjLXd7LK",
          "checksum": "627f6d8b7c78a0ffe86083a2d8bbdbad"
        },
        {
          "type": "icon",
          "assetId": "BBR0nV4ct8",
          "checksum": "176f39244529f19fe2a5846944f9e4d4"
        },
        {
          "type": "icon",
          "assetId": "1HUfCwX0U",
          "checksum": "85e9ef21eae762d9bb577949337dce23"
        },
        {
          "type": "icon",
          "assetId": "N-SmLg9e4x",
          "checksum": "5bca8f7c51ff93941a480e9bd0d37284"
        },
        {
          "type": "icon",
          "assetId": "eR53YtoLkRw",
          "checksum": "de3d9e0bfa701c7792c6a66374ab26bd"
        },
        {
          "type": "icon",
          "assetId": "RHihXoVA4rJ",
          "checksum": "30cd5f8db422e5a31194ccd27a1a056f"
        },
        {
          "type": "icon",
          "assetId": "dNmDIZA_2eS",
          "checksum": "6e58037bf6db955113a5bc0586124789"
        },
        {
          "type": "icon",
          "assetId": "a2Cxnl6KFA",
          "checksum": "f63db1bd4b1c22b0a835a68add6de415"
        },
        {
          "type": "icon",
          "assetId": "G6eebdJE1u",
          "checksum": "6af756b4cc140e313def5cd9a1b8b5a6"
        },
        {
          "type": "icon",
          "assetId": "5kq2bAObJw",
          "checksum": "f339662b02fd939ced6a04224cbe6215"
        },
        {
          "type": "icon",
          "assetId": "K3BJz0Ncnf",
          "checksum": "2471adc76dc58cd0651189d3afed880d"
        },
        {
          "type": "icon",
          "assetId": "kQTrm3WIo",
          "checksum": "7c8fb558e3ce89062ad001f354947b9a"
        },
        {
          "type": "icon",
          "assetId": "_Z1N82Qm4",
          "checksum": "7512fcf260716681fa377f6b1f03835a"
        },
        {
          "type": "image",
          "assetId": "dxD_U0aH6",
          "checksum": "10e4be9e6a0f2545e537df985ce261d0"
        },
        {
          "type": "image",
          "assetId": "qkXe29FEgs",
          "checksum": "32417acf6d51be642c91065b6f2a4603"
        },
        {
          "type": "image",
          "assetId": "ytniV-5S5v",
          "checksum": "aee934383b974a611164ab48052f2820"
        },
        {
          "type": "image",
          "assetId": "e7HLxeBGc2",
          "checksum": "f34b9258e037185eb3b64a8b3f808788"
        },
        {
          "type": "image",
          "assetId": "jZnt0KwTP",
          "checksum": "b3c6765bca7515ccdaacf568730e13a5"
        },
        {
          "type": "image",
          "assetId": "9G5_HuZ-S",
          "checksum": "75da6c909e8d9a85c7786a6ee7e41b8a"
        },
        {
          "type": "image",
          "assetId": "qpMvVUojHj",
          "checksum": "497eebe29e45efb253428456a0d27463"
        },
        {
          "type": "image",
          "assetId": "4TaN_ZkEY",
          "checksum": "9e4f2ea751d0a4228e3554f2b258ec3a"
        },
        {
          "type": "image",
          "assetId": "-ea_gE4Db",
          "checksum": "727ab8ddab063c6958ef667f543b94bf"
        },
        {
          "type": "image",
          "assetId": "2vJQTKHxb",
          "checksum": "b766c8530fe8b36b17e1b5e7e40460f9"
        },
        {
          "type": "image",
          "assetId": "uDMUwPfLI",
          "checksum": "0709696d9cc76c9fb57457908d8b83f1"
        }
      ],
      "codegenVersion": "0.0.1"
    }
  ],
  "cliVersion": "0.1.209"
}
